
Microsoft Visual Studio Solution File, Format Version 12.00
# Visual Studio Version 16
VisualStudioVersion = 16.0.30204.135
MinimumVisualStudioVersion = 10.0.40219.1
Project("{FAE04EC0-301F-11D3-BF4B-00C04F79EFBC}") = "PrograBase", "PrograBase.csproj", "{48E88F60-4680-401B-978B-54456893C7F2}"
EndProject
Global
	GlobalSection(SolutionConfigurationPlatforms) = preSolution
		Debug|Any CPU = Debug|Any CPU
		Release|Any CPU = Release|Any CPU
	EndGlobalSection
	GlobalSection(ProjectConfigurationPlatforms) = postSolution
		{48E88F60-4680-401B-978B-54456893C7F2}.Debug|Any CPU.ActiveCfg = Debug|Any CPU
		{48E88F60-4680-401B-978B-54456893C7F2}.Debug|Any CPU.Build.0 = Debug|Any CPU
		{48E88F60-4680-401B-978B-54456893C7F2}.Release|Any CPU.ActiveCfg = Release|Any CPU
		{48E88F60-4680-401B-978B-54456893C7F2}.Release|Any CPU.Build.0 = Release|Any CPU
	EndGlobalSection
	GlobalSection(SolutionProperties) = preSolution
		HideSolutionNode = FALSE
	EndGlobalSection
	GlobalSection(ExtensibilityGlobals) = postSolution
		SolutionGuid = {350337C4-A84E-4AA3-BD42-346AAAFCABDB}
	EndGlobalSection
EndGlobal
