
Microsoft Visual Studio Solution File, Format Version 12.00
# Visual Studio Version 16
VisualStudioVersion = 16.0.30204.135
MinimumVisualStudioVersion = 10.0.40219.1
Project("{FAE04EC0-301F-11D3-BF4B-00C04F79EFBC}") = "CONEXIONBD", "CONEXIONBD.csproj", "{79F4D1E8-098C-4835-8292-48186A3C59CF}"
EndProject
Global
	GlobalSection(SolutionConfigurationPlatforms) = preSolution
		Debug|Any CPU = Debug|Any CPU
		Release|Any CPU = Release|Any CPU
	EndGlobalSection
	GlobalSection(ProjectConfigurationPlatforms) = postSolution
		{79F4D1E8-098C-4835-8292-48186A3C59CF}.Debug|Any CPU.ActiveCfg = Debug|Any CPU
		{79F4D1E8-098C-4835-8292-48186A3C59CF}.Debug|Any CPU.Build.0 = Debug|Any CPU
		{79F4D1E8-098C-4835-8292-48186A3C59CF}.Release|Any CPU.ActiveCfg = Release|Any CPU
		{79F4D1E8-098C-4835-8292-48186A3C59CF}.Release|Any CPU.Build.0 = Release|Any CPU
	EndGlobalSection
	GlobalSection(SolutionProperties) = preSolution
		HideSolutionNode = FALSE
	EndGlobalSection
	GlobalSection(ExtensibilityGlobals) = postSolution
		SolutionGuid = {76A6A6E9-3701-4D84-A66F-BC640E9A74DD}
	EndGlobalSection
EndGlobal
